
Microsoft Visual Studio Solution File, Format Version 12.00
# Visual Studio Version 16
VisualStudioVersion = 16.0.30204.135
MinimumVisualStudioVersion = 10.0.40219.1
Project("{FAE04EC0-301F-11D3-BF4B-00C04F79EFBC}") = "ArkanoidInterfaz", "ArkanoidInterfaz\ArkanoidInterfaz.csproj", "{7BA88F5B-F3A2-4754-A819-6DAB5146DDCD}"
EndProject
Project("{FAE04EC0-301F-11D3-BF4B-00C04F79EFBC}") = "ArkanoidMotor", "ArkanoidMotor\ArkanoidMotor.csproj", "{2C37852D-DEBB-4694-A71E-C7472DF4FB16}"
EndProject
Project("{FAE04EC0-301F-11D3-BF4B-00C04F79EFBC}") = "ArkanoidBaseDeDatos", "ArkanoidBaseDeDatos\ArkanoidBaseDeDatos.csproj", "{8C783733-8B5A-4D2C-84C1-BC411A2B16D0}"
EndProject
Global
	GlobalSection(SolutionConfigurationPlatforms) = preSolution
		Debug|Any CPU = Debug|Any CPU
		Release|Any CPU = Release|Any CPU
	EndGlobalSection
	GlobalSection(ProjectConfigurationPlatforms) = postSolution
		{7BA88F5B-F3A2-4754-A819-6DAB5146DDCD}.Debug|Any CPU.ActiveCfg = Debug|Any CPU
		{7BA88F5B-F3A2-4754-A819-6DAB5146DDCD}.Debug|Any CPU.Build.0 = Debug|Any CPU
		{7BA88F5B-F3A2-4754-A819-6DAB5146DDCD}.Release|Any CPU.ActiveCfg = Release|Any CPU
		{7BA88F5B-F3A2-4754-A819-6DAB5146DDCD}.Release|Any CPU.Build.0 = Release|Any CPU
		{2C37852D-DEBB-4694-A71E-C7472DF4FB16}.Debug|Any CPU.ActiveCfg = Debug|Any CPU
		{2C37852D-DEBB-4694-A71E-C7472DF4FB16}.Debug|Any CPU.Build.0 = Debug|Any CPU
		{2C37852D-DEBB-4694-A71E-C7472DF4FB16}.Release|Any CPU.ActiveCfg = Release|Any CPU
		{2C37852D-DEBB-4694-A71E-C7472DF4FB16}.Release|Any CPU.Build.0 = Release|Any CPU
		{8C783733-8B5A-4D2C-84C1-BC411A2B16D0}.Debug|Any CPU.ActiveCfg = Debug|Any CPU
		{8C783733-8B5A-4D2C-84C1-BC411A2B16D0}.Debug|Any CPU.Build.0 = Debug|Any CPU
		{8C783733-8B5A-4D2C-84C1-BC411A2B16D0}.Release|Any CPU.ActiveCfg = Release|Any CPU
		{8C783733-8B5A-4D2C-84C1-BC411A2B16D0}.Release|Any CPU.Build.0 = Release|Any CPU
	EndGlobalSection
	GlobalSection(SolutionProperties) = preSolution
		HideSolutionNode = FALSE
	EndGlobalSection
	GlobalSection(ExtensibilityGlobals) = postSolution
		SolutionGuid = {AD9A1E03-2DEA-4BA2-A184-F799C297FB9B}
	EndGlobalSection
EndGlobal
